
Microsoft Visual Studio Solution File, Format Version 12.00
# Visual Studio Version 17
VisualStudioVersion = 17.8.34525.116
MinimumVisualStudioVersion = 10.0.40219.1
Project("{2150E333-8FDC-42A3-9474-1A3956D46DE8}") = "src", "src", "{A6DF412F-8147-4D1F-B388-0B0284A55772}"
EndProject
Project("{9A19103F-16F7-4668-BE54-9A1E7A4F7556}") = "NetFx.System.Runtime.CompilerServices.Unsafe", "src\NetFx.System.Runtime.CompilerServices.Unsafe\NetFx.System.Runtime.CompilerServices.Unsafe.ilproj", "{F79D5B6E-CE71-4ABE-ACB8-6385E8C91C63}"
EndProject
Project("{2150E333-8FDC-42A3-9474-1A3956D46DE8}") = ".build", ".build", "{977BB9EC-4969-43F8-A737-1E4B8BD2559C}"
	ProjectSection(SolutionItems) = preProject
		.build\key.snk = .build\key.snk
	EndProjectSection
EndProject
Project("{2150E333-8FDC-42A3-9474-1A3956D46DE8}") = "Solution Items", "Solution Items", "{078A8D3C-FA65-4F14-9C21-2132321EBEFA}"
	ProjectSection(SolutionItems) = preProject
		.gitignore = .gitignore
		Directory.Build.props = Directory.Build.props
		global.json = global.json
		LICENSE = LICENSE
	EndProjectSection
EndProject
Project("{2150E333-8FDC-42A3-9474-1A3956D46DE8}") = "tests", "tests", "{CC8AB861-E86D-4247-99D4-FA41796629AA}"
EndProject
Project("{9A19103F-16F7-4668-BE54-9A1E7A4F7556}") = "NetFx.System.Runtime.CompilerServices.Unsafe.Tests", "tests\NetFx.System.Runtime.CompilerServices.Unsafe.Tests\NetFx.System.Runtime.CompilerServices.Unsafe.Tests.csproj", "{1B76E7B6-B4E6-4051-825A-0EB5ED9C6163}"
EndProject
Global
	GlobalSection(SolutionConfigurationPlatforms) = preSolution
		Debug|Any CPU = Debug|Any CPU
		Release|Any CPU = Release|Any CPU
	EndGlobalSection
	GlobalSection(ProjectConfigurationPlatforms) = postSolution
		{F79D5B6E-CE71-4ABE-ACB8-6385E8C91C63}.Debug|Any CPU.ActiveCfg = Debug|Any CPU
		{F79D5B6E-CE71-4ABE-ACB8-6385E8C91C63}.Debug|Any CPU.Build.0 = Debug|Any CPU
		{F79D5B6E-CE71-4ABE-ACB8-6385E8C91C63}.Release|Any CPU.ActiveCfg = Release|Any CPU
		{F79D5B6E-CE71-4ABE-ACB8-6385E8C91C63}.Release|Any CPU.Build.0 = Release|Any CPU
		{1B76E7B6-B4E6-4051-825A-0EB5ED9C6163}.Debug|Any CPU.ActiveCfg = Debug|Any CPU
		{1B76E7B6-B4E6-4051-825A-0EB5ED9C6163}.Debug|Any CPU.Build.0 = Debug|Any CPU
		{1B76E7B6-B4E6-4051-825A-0EB5ED9C6163}.Release|Any CPU.ActiveCfg = Release|Any CPU
		{1B76E7B6-B4E6-4051-825A-0EB5ED9C6163}.Release|Any CPU.Build.0 = Release|Any CPU
	EndGlobalSection
	GlobalSection(SolutionProperties) = preSolution
		HideSolutionNode = FALSE
	EndGlobalSection
	GlobalSection(NestedProjects) = preSolution
		{F79D5B6E-CE71-4ABE-ACB8-6385E8C91C63} = {A6DF412F-8147-4D1F-B388-0B0284A55772}
		{1B76E7B6-B4E6-4051-825A-0EB5ED9C6163} = {CC8AB861-E86D-4247-99D4-FA41796629AA}
	EndGlobalSection
	GlobalSection(ExtensibilityGlobals) = postSolution
		SolutionGuid = {218685F0-A12E-4700-A441-099683BEF62D}
	EndGlobalSection
EndGlobal
