
Microsoft Visual Studio Solution File, Format Version 12.00
# Visual Studio Version 17
VisualStudioVersion = 17.8.34525.116
MinimumVisualStudioVersion = 10.0.40219.1
Project("{2150E333-8FDC-42A3-9474-1A3956D46DE8}") = ".build", ".build", "{25739248-87D7-40B0-B267-E2445C92C143}"
	ProjectSection(SolutionItems) = preProject
		azure-pipelines.yml = azure-pipelines.yml
		.build\dependencies.props = .build\dependencies.props
		.build\key.snk = .build\key.snk
		.build\NetFx.System.Runtime.CompilerServices.Unsafe.Ref.targets = .build\NetFx.System.Runtime.CompilerServices.Unsafe.Ref.targets
		.build\nuget.props = .build\nuget.props
		.build\runbuild.ps1 = .build\runbuild.ps1
		.build\TestReferences.Common.targets = .build\TestReferences.Common.targets
		.build\TestTargetFramework.props = .build\TestTargetFramework.props
		.build\version.ps1 = .build\version.ps1
	EndProjectSection
EndProject
Project("{2150E333-8FDC-42A3-9474-1A3956D46DE8}") = "src", "src", "{565E0A3F-633B-4FF1-9244-67E59D16B73A}"
	ProjectSection(SolutionItems) = preProject
		src\Directory.Build.targets = src\Directory.Build.targets
	EndProjectSection
EndProject
Project("{2150E333-8FDC-42A3-9474-1A3956D46DE8}") = "tests", "tests", "{27FEC39B-F7C9-4110-9F98-BDD75ECF1D1A}"
	ProjectSection(SolutionItems) = preProject
		tests\Directory.Build.props = tests\Directory.Build.props
		tests\Directory.Build.targets = tests\Directory.Build.targets
	EndProjectSection
EndProject
Project("{2150E333-8FDC-42A3-9474-1A3956D46DE8}") = "Solution Items", "Solution Items", "{9CFB5E29-E750-4312-8FEB-CA29922DBF9E}"
	ProjectSection(SolutionItems) = preProject
		.gitignore = .gitignore
		build = build
		build.bat = build.bat
		build.ps1 = build.ps1
		Directory.Build.props = Directory.Build.props
		Directory.Build.targets = Directory.Build.targets
		FUNDING.yml = FUNDING.yml
		global.json = global.json
		LICENSE = LICENSE
		NuGet.config = NuGet.config
		README.md = README.md
		version.json = version.json
	EndProjectSection
EndProject
Project("{2150E333-8FDC-42A3-9474-1A3956D46DE8}") = "azure-templates", "azure-templates", "{9D723994-FDF1-4875-AA1F-EF60A12C7EB7}"
	ProjectSection(SolutionItems) = preProject
		.build\azure-templates\build-pack-and-publish-libraries.yml = .build\azure-templates\build-pack-and-publish-libraries.yml
		.build\azure-templates\gitversioning-increment-and-persist-versions.yml = .build\azure-templates\gitversioning-increment-and-persist-versions.yml
		.build\azure-templates\install-dotnet-sdk.yml = .build\azure-templates\install-dotnet-sdk.yml
		.build\azure-templates\publish-nuget-packages.yml = .build\azure-templates\publish-nuget-packages.yml
		.build\azure-templates\publish-test-results-for-target-frameworks.yml = .build\azure-templates\publish-test-results-for-target-frameworks.yml
		.build\azure-templates\publish-test-results-for-test-projects.yml = .build\azure-templates\publish-test-results-for-test-projects.yml
		.build\azure-templates\publish-test-results.yml = .build\azure-templates\publish-test-results.yml
		.build\azure-templates\run-tests-on-os.yml = .build\azure-templates\run-tests-on-os.yml
		.build\azure-templates\show-all-environment-variables.yml = .build\azure-templates\show-all-environment-variables.yml
		.build\azure-templates\show-all-files.yml = .build\azure-templates\show-all-files.yml
	EndProjectSection
EndProject
Project("{9A19103F-16F7-4668-BE54-9A1E7A4F7556}") = "NetFx.System.Buffers", "src\NetFx.System.Buffers\NetFx.System.Buffers.csproj", "{06C2C915-691E-4B50-9C3F-7B019534728D}"
EndProject
Project("{9A19103F-16F7-4668-BE54-9A1E7A4F7556}") = "NetFx.System.Memory", "src\NetFx.System.Memory\NetFx.System.Memory.csproj", "{48EA1804-7EFF-4308-909F-706CAB3B262A}"
EndProject
Project("{9A19103F-16F7-4668-BE54-9A1E7A4F7556}") = "NetFx.System.Runtime.CompilerServices.Unsafe", "src\NetFx.System.Runtime.CompilerServices.Unsafe\NetFx.System.Runtime.CompilerServices.Unsafe.ilproj", "{04BA3E3C-6979-4792-B19E-C797AD607F42}"
EndProject
Project("{2150E333-8FDC-42A3-9474-1A3956D46DE8}") = "Common", "Common", "{5E597B0B-AA34-4265-8B4E-BF5BFB5DA1DA}"
	ProjectSection(SolutionItems) = preProject
		tests\Common\AssertExtensions.cs = tests\Common\AssertExtensions.cs
		tests\Common\BitOperations.cs = tests\Common\BitOperations.cs
		tests\Common\RuntimeInformation.cs = tests\Common\RuntimeInformation.cs
	EndProjectSection
EndProject
Project("{9A19103F-16F7-4668-BE54-9A1E7A4F7556}") = "NetFx.System.Buffers.Tests", "tests\NetFx.System.Buffers.Tests\NetFx.System.Buffers.Tests.csproj", "{DDB9D0F3-9CC1-4F76-8278-342BAF483290}"
EndProject
Project("{9A19103F-16F7-4668-BE54-9A1E7A4F7556}") = "NetFx.System.Memory.Tests", "tests\NetFx.System.Memory.Tests\NetFx.System.Memory.Tests.csproj", "{E78A4798-05E5-4C3C-9BF6-C4630C5B9BAA}"
EndProject
Project("{9A19103F-16F7-4668-BE54-9A1E7A4F7556}") = "NetFx.System.Runtime.CompilerServices.Unsafe.Tests", "tests\NetFx.System.Runtime.CompilerServices.Unsafe.Tests\NetFx.System.Runtime.CompilerServices.Unsafe.Tests.csproj", "{0DA965E9-7E46-4CE6-A371-20E66CB6A4DF}"
EndProject
Project("{2150E333-8FDC-42A3-9474-1A3956D46DE8}") = "docs", "docs", "{2485F9C9-E96E-474B-8A3D-63DA3F3F6B2F}"
	ProjectSection(SolutionItems) = preProject
		docs\building-and-testing.md = docs\building-and-testing.md
		docs\make-release.md = docs\make-release.md
	EndProjectSection
EndProject
Global
	GlobalSection(SolutionConfigurationPlatforms) = preSolution
		Debug|Any CPU = Debug|Any CPU
		Release|Any CPU = Release|Any CPU
	EndGlobalSection
	GlobalSection(ProjectConfigurationPlatforms) = postSolution
		{06C2C915-691E-4B50-9C3F-7B019534728D}.Debug|Any CPU.ActiveCfg = Debug|Any CPU
		{06C2C915-691E-4B50-9C3F-7B019534728D}.Debug|Any CPU.Build.0 = Debug|Any CPU
		{06C2C915-691E-4B50-9C3F-7B019534728D}.Release|Any CPU.ActiveCfg = Release|Any CPU
		{06C2C915-691E-4B50-9C3F-7B019534728D}.Release|Any CPU.Build.0 = Release|Any CPU
		{48EA1804-7EFF-4308-909F-706CAB3B262A}.Debug|Any CPU.ActiveCfg = Debug|Any CPU
		{48EA1804-7EFF-4308-909F-706CAB3B262A}.Debug|Any CPU.Build.0 = Debug|Any CPU
		{48EA1804-7EFF-4308-909F-706CAB3B262A}.Release|Any CPU.ActiveCfg = Release|Any CPU
		{48EA1804-7EFF-4308-909F-706CAB3B262A}.Release|Any CPU.Build.0 = Release|Any CPU
		{04BA3E3C-6979-4792-B19E-C797AD607F42}.Debug|Any CPU.ActiveCfg = Debug|Any CPU
		{04BA3E3C-6979-4792-B19E-C797AD607F42}.Debug|Any CPU.Build.0 = Debug|Any CPU
		{04BA3E3C-6979-4792-B19E-C797AD607F42}.Release|Any CPU.ActiveCfg = Release|Any CPU
		{04BA3E3C-6979-4792-B19E-C797AD607F42}.Release|Any CPU.Build.0 = Release|Any CPU
		{DDB9D0F3-9CC1-4F76-8278-342BAF483290}.Debug|Any CPU.ActiveCfg = Debug|Any CPU
		{DDB9D0F3-9CC1-4F76-8278-342BAF483290}.Debug|Any CPU.Build.0 = Debug|Any CPU
		{DDB9D0F3-9CC1-4F76-8278-342BAF483290}.Release|Any CPU.ActiveCfg = Release|Any CPU
		{DDB9D0F3-9CC1-4F76-8278-342BAF483290}.Release|Any CPU.Build.0 = Release|Any CPU
		{E78A4798-05E5-4C3C-9BF6-C4630C5B9BAA}.Debug|Any CPU.ActiveCfg = Debug|Any CPU
		{E78A4798-05E5-4C3C-9BF6-C4630C5B9BAA}.Debug|Any CPU.Build.0 = Debug|Any CPU
		{E78A4798-05E5-4C3C-9BF6-C4630C5B9BAA}.Release|Any CPU.ActiveCfg = Release|Any CPU
		{E78A4798-05E5-4C3C-9BF6-C4630C5B9BAA}.Release|Any CPU.Build.0 = Release|Any CPU
		{0DA965E9-7E46-4CE6-A371-20E66CB6A4DF}.Debug|Any CPU.ActiveCfg = Debug|Any CPU
		{0DA965E9-7E46-4CE6-A371-20E66CB6A4DF}.Debug|Any CPU.Build.0 = Debug|Any CPU
		{0DA965E9-7E46-4CE6-A371-20E66CB6A4DF}.Release|Any CPU.ActiveCfg = Release|Any CPU
		{0DA965E9-7E46-4CE6-A371-20E66CB6A4DF}.Release|Any CPU.Build.0 = Release|Any CPU
	EndGlobalSection
	GlobalSection(SolutionProperties) = preSolution
		HideSolutionNode = FALSE
	EndGlobalSection
	GlobalSection(NestedProjects) = preSolution
		{9D723994-FDF1-4875-AA1F-EF60A12C7EB7} = {25739248-87D7-40B0-B267-E2445C92C143}
		{06C2C915-691E-4B50-9C3F-7B019534728D} = {565E0A3F-633B-4FF1-9244-67E59D16B73A}
		{48EA1804-7EFF-4308-909F-706CAB3B262A} = {565E0A3F-633B-4FF1-9244-67E59D16B73A}
		{04BA3E3C-6979-4792-B19E-C797AD607F42} = {565E0A3F-633B-4FF1-9244-67E59D16B73A}
		{5E597B0B-AA34-4265-8B4E-BF5BFB5DA1DA} = {27FEC39B-F7C9-4110-9F98-BDD75ECF1D1A}
		{DDB9D0F3-9CC1-4F76-8278-342BAF483290} = {27FEC39B-F7C9-4110-9F98-BDD75ECF1D1A}
		{E78A4798-05E5-4C3C-9BF6-C4630C5B9BAA} = {27FEC39B-F7C9-4110-9F98-BDD75ECF1D1A}
		{0DA965E9-7E46-4CE6-A371-20E66CB6A4DF} = {27FEC39B-F7C9-4110-9F98-BDD75ECF1D1A}
	EndGlobalSection
	GlobalSection(ExtensibilityGlobals) = postSolution
		SolutionGuid = {EFA6E7E8-8559-4BFD-B115-99B3C6321D9E}
	EndGlobalSection
EndGlobal
